
Microsoft Visual Studio Solution File, Format Version 12.00
# Visual Studio Version 16
VisualStudioVersion = 16.0.29728.190
MinimumVisualStudioVersion = 10.0.40219.1
Project("{FAE04EC0-301F-11D3-BF4B-00C04F79EFBC}") = "WindowsFormsApp70", "WindowsFormsApp70\WindowsFormsApp70.csproj", "{406FE49A-0307-44AF-A707-8316DE538C51}"
EndProject
Global
	GlobalSection(SolutionConfigurationPlatforms) = preSolution
		Debug|Any CPU = Debug|Any CPU
		Release|Any CPU = Release|Any CPU
	EndGlobalSection
	GlobalSection(ProjectConfigurationPlatforms) = postSolution
		{406FE49A-0307-44AF-A707-8316DE538C51}.Debug|Any CPU.ActiveCfg = Debug|Any CPU
		{406FE49A-0307-44AF-A707-8316DE538C51}.Debug|Any CPU.Build.0 = Debug|Any CPU
		{406FE49A-0307-44AF-A707-8316DE538C51}.Release|Any CPU.ActiveCfg = Release|Any CPU
		{406FE49A-0307-44AF-A707-8316DE538C51}.Release|Any CPU.Build.0 = Release|Any CPU
	EndGlobalSection
	GlobalSection(SolutionProperties) = preSolution
		HideSolutionNode = FALSE
	EndGlobalSection
	GlobalSection(ExtensibilityGlobals) = postSolution
		SolutionGuid = {95A4B881-0FEF-448E-9616-F553D269A5F3}
	EndGlobalSection
EndGlobal
